
Microsoft Visual Studio Solution File, Format Version 12.00
Project("{2150E333-8FDC-42A3-9474-1A3956D46DE8}") = "Presentation", "Presentation", "{4A70CA71-1A69-4D4C-BFFF-C03F318F5A2E}"
EndProject
Project("{FAE04EC0-301F-11D3-BF4B-00C04F79EFBC}") = "TS.API", "TS.API\TS.API.csproj", "{9104C4B5-A5A2-4B7C-AF36-1F88E85480EA}"
EndProject
Project("{2150E333-8FDC-42A3-9474-1A3956D46DE8}") = "Core", "Core", "{94275EEB-0C8A-4D9C-B590-0D6E955BF260}"
EndProject
Project("{FAE04EC0-301F-11D3-BF4B-00C04F79EFBC}") = "TS.Domain", "TS.Domain\TS.Domain.csproj", "{FD92A6B0-7D49-4293-836A-7AD1F6B09841}"
EndProject
Project("{FAE04EC0-301F-11D3-BF4B-00C04F79EFBC}") = "TS.Application", "TS.Application\TS.Application.csproj", "{4471FB17-F5E1-477F-8A3E-E469430447B3}"
EndProject
Project("{2150E333-8FDC-42A3-9474-1A3956D46DE8}") = "Infrastructure", "Infrastructure", "{2C680EE6-003A-41E5-8114-6B41FDD9408F}"
EndProject
Project("{FAE04EC0-301F-11D3-BF4B-00C04F79EFBC}") = "TS.Contracts", "TS.Contracts\TS.Contracts.csproj", "{170B44EC-149D-49B0-AFC4-38C9CD4BECE2}"
EndProject
Project("{FAE04EC0-301F-11D3-BF4B-00C04F79EFBC}") = "TS.Persistence", "TS.Persistence\TS.Persistence.csproj", "{6FD104CA-3906-4E88-A2E3-590532A9CDA2}"
EndProject
Project("{2150E333-8FDC-42A3-9474-1A3956D46DE8}") = "Common", "Common", "{8984DE8F-7E58-40F2-B34F-309E559F271D}"
EndProject
Project("{FAE04EC0-301F-11D3-BF4B-00C04F79EFBC}") = "TS.Common", "TS.Common\TS.Common.csproj", "{7B85311A-A0B4-4088-AE40-21631CEC521C}"
EndProject
Global
	GlobalSection(SolutionConfigurationPlatforms) = preSolution
		Debug|Any CPU = Debug|Any CPU
		Release|Any CPU = Release|Any CPU
	EndGlobalSection
	GlobalSection(NestedProjects) = preSolution
		{9104C4B5-A5A2-4B7C-AF36-1F88E85480EA} = {4A70CA71-1A69-4D4C-BFFF-C03F318F5A2E}
		{FD92A6B0-7D49-4293-836A-7AD1F6B09841} = {94275EEB-0C8A-4D9C-B590-0D6E955BF260}
		{4471FB17-F5E1-477F-8A3E-E469430447B3} = {94275EEB-0C8A-4D9C-B590-0D6E955BF260}
		{170B44EC-149D-49B0-AFC4-38C9CD4BECE2} = {2C680EE6-003A-41E5-8114-6B41FDD9408F}
		{6FD104CA-3906-4E88-A2E3-590532A9CDA2} = {2C680EE6-003A-41E5-8114-6B41FDD9408F}
		{7B85311A-A0B4-4088-AE40-21631CEC521C} = {8984DE8F-7E58-40F2-B34F-309E559F271D}
	EndGlobalSection
	GlobalSection(ProjectConfigurationPlatforms) = postSolution
		{9104C4B5-A5A2-4B7C-AF36-1F88E85480EA}.Debug|Any CPU.ActiveCfg = Debug|Any CPU
		{9104C4B5-A5A2-4B7C-AF36-1F88E85480EA}.Debug|Any CPU.Build.0 = Debug|Any CPU
		{9104C4B5-A5A2-4B7C-AF36-1F88E85480EA}.Release|Any CPU.ActiveCfg = Release|Any CPU
		{9104C4B5-A5A2-4B7C-AF36-1F88E85480EA}.Release|Any CPU.Build.0 = Release|Any CPU
		{FD92A6B0-7D49-4293-836A-7AD1F6B09841}.Debug|Any CPU.ActiveCfg = Debug|Any CPU
		{FD92A6B0-7D49-4293-836A-7AD1F6B09841}.Debug|Any CPU.Build.0 = Debug|Any CPU
		{FD92A6B0-7D49-4293-836A-7AD1F6B09841}.Release|Any CPU.ActiveCfg = Release|Any CPU
		{FD92A6B0-7D49-4293-836A-7AD1F6B09841}.Release|Any CPU.Build.0 = Release|Any CPU
		{4471FB17-F5E1-477F-8A3E-E469430447B3}.Debug|Any CPU.ActiveCfg = Debug|Any CPU
		{4471FB17-F5E1-477F-8A3E-E469430447B3}.Debug|Any CPU.Build.0 = Debug|Any CPU
		{4471FB17-F5E1-477F-8A3E-E469430447B3}.Release|Any CPU.ActiveCfg = Release|Any CPU
		{4471FB17-F5E1-477F-8A3E-E469430447B3}.Release|Any CPU.Build.0 = Release|Any CPU
		{170B44EC-149D-49B0-AFC4-38C9CD4BECE2}.Debug|Any CPU.ActiveCfg = Debug|Any CPU
		{170B44EC-149D-49B0-AFC4-38C9CD4BECE2}.Debug|Any CPU.Build.0 = Debug|Any CPU
		{170B44EC-149D-49B0-AFC4-38C9CD4BECE2}.Release|Any CPU.ActiveCfg = Release|Any CPU
		{170B44EC-149D-49B0-AFC4-38C9CD4BECE2}.Release|Any CPU.Build.0 = Release|Any CPU
		{6FD104CA-3906-4E88-A2E3-590532A9CDA2}.Debug|Any CPU.ActiveCfg = Debug|Any CPU
		{6FD104CA-3906-4E88-A2E3-590532A9CDA2}.Debug|Any CPU.Build.0 = Debug|Any CPU
		{6FD104CA-3906-4E88-A2E3-590532A9CDA2}.Release|Any CPU.ActiveCfg = Release|Any CPU
		{6FD104CA-3906-4E88-A2E3-590532A9CDA2}.Release|Any CPU.Build.0 = Release|Any CPU
		{7B85311A-A0B4-4088-AE40-21631CEC521C}.Debug|Any CPU.ActiveCfg = Debug|Any CPU
		{7B85311A-A0B4-4088-AE40-21631CEC521C}.Debug|Any CPU.Build.0 = Debug|Any CPU
		{7B85311A-A0B4-4088-AE40-21631CEC521C}.Release|Any CPU.ActiveCfg = Release|Any CPU
		{7B85311A-A0B4-4088-AE40-21631CEC521C}.Release|Any CPU.Build.0 = Release|Any CPU
	EndGlobalSection
EndGlobal
