
Microsoft Visual Studio Solution File, Format Version 12.00
Project("{2150E333-8FDC-42A3-9474-1A3956D46DE8}") = "Presentation", "Presentation", "{F7D918F7-4DD0-4116-AF92-282D5FE26B7D}"
EndProject
Project("{2150E333-8FDC-42A3-9474-1A3956D46DE8}") = "Core", "Core", "{7B0327AA-3787-4A91-B662-E5AFD61A5611}"
EndProject
Project("{FAE04EC0-301F-11D3-BF4B-00C04F79EFBC}") = "UAS.API", "UAS.API\UAS.API.csproj", "{0E813ECA-B76D-4955-BCB8-E73A09D73A37}"
EndProject
Project("{FAE04EC0-301F-11D3-BF4B-00C04F79EFBC}") = "UAS.Domain", "UAS.Domain\UAS.Domain.csproj", "{582A0A6F-7738-4D65-8D30-DFE769CCE0FD}"
EndProject
Project("{FAE04EC0-301F-11D3-BF4B-00C04F79EFBC}") = "UAS.Application", "UAS.Application\UAS.Application.csproj", "{DA867BCA-1BD6-4763-AC47-B483E142D537}"
EndProject
Project("{2150E333-8FDC-42A3-9474-1A3956D46DE8}") = "Infrastructure", "Infrastructure", "{C17C6F40-AB76-433E-B9C5-15D86D4C73D9}"
EndProject
Project("{FAE04EC0-301F-11D3-BF4B-00C04F79EFBC}") = "UAS.Contracts", "UAS.Contracts\UAS.Contracts.csproj", "{DA9BCB92-59F0-478B-9C59-0B45D0E2DB5D}"
EndProject
Project("{FAE04EC0-301F-11D3-BF4B-00C04F79EFBC}") = "UAS.Persistence", "UAS.Persistence\UAS.Persistence.csproj", "{630FF65E-F140-42A6-A1CF-E30A83609C63}"
EndProject
Project("{2150E333-8FDC-42A3-9474-1A3956D46DE8}") = "Common", "Common", "{BCBA1395-78F4-4794-BC0E-D5E1E494356B}"
EndProject
Project("{FAE04EC0-301F-11D3-BF4B-00C04F79EFBC}") = "UAS.Common", "UAS.Common\UAS.Common.csproj", "{1517213F-4928-4852-8502-4AFE22901146}"
EndProject
Global
	GlobalSection(SolutionConfigurationPlatforms) = preSolution
		Debug|Any CPU = Debug|Any CPU
		Release|Any CPU = Release|Any CPU
	EndGlobalSection
	GlobalSection(NestedProjects) = preSolution
		{0E813ECA-B76D-4955-BCB8-E73A09D73A37} = {F7D918F7-4DD0-4116-AF92-282D5FE26B7D}
		{582A0A6F-7738-4D65-8D30-DFE769CCE0FD} = {7B0327AA-3787-4A91-B662-E5AFD61A5611}
		{DA867BCA-1BD6-4763-AC47-B483E142D537} = {7B0327AA-3787-4A91-B662-E5AFD61A5611}
		{DA9BCB92-59F0-478B-9C59-0B45D0E2DB5D} = {C17C6F40-AB76-433E-B9C5-15D86D4C73D9}
		{630FF65E-F140-42A6-A1CF-E30A83609C63} = {C17C6F40-AB76-433E-B9C5-15D86D4C73D9}
		{1517213F-4928-4852-8502-4AFE22901146} = {BCBA1395-78F4-4794-BC0E-D5E1E494356B}
	EndGlobalSection
	GlobalSection(ProjectConfigurationPlatforms) = postSolution
		{0E813ECA-B76D-4955-BCB8-E73A09D73A37}.Debug|Any CPU.ActiveCfg = Debug|Any CPU
		{0E813ECA-B76D-4955-BCB8-E73A09D73A37}.Debug|Any CPU.Build.0 = Debug|Any CPU
		{0E813ECA-B76D-4955-BCB8-E73A09D73A37}.Release|Any CPU.ActiveCfg = Release|Any CPU
		{0E813ECA-B76D-4955-BCB8-E73A09D73A37}.Release|Any CPU.Build.0 = Release|Any CPU
		{582A0A6F-7738-4D65-8D30-DFE769CCE0FD}.Debug|Any CPU.ActiveCfg = Debug|Any CPU
		{582A0A6F-7738-4D65-8D30-DFE769CCE0FD}.Debug|Any CPU.Build.0 = Debug|Any CPU
		{582A0A6F-7738-4D65-8D30-DFE769CCE0FD}.Release|Any CPU.ActiveCfg = Release|Any CPU
		{582A0A6F-7738-4D65-8D30-DFE769CCE0FD}.Release|Any CPU.Build.0 = Release|Any CPU
		{DA867BCA-1BD6-4763-AC47-B483E142D537}.Debug|Any CPU.ActiveCfg = Debug|Any CPU
		{DA867BCA-1BD6-4763-AC47-B483E142D537}.Debug|Any CPU.Build.0 = Debug|Any CPU
		{DA867BCA-1BD6-4763-AC47-B483E142D537}.Release|Any CPU.ActiveCfg = Release|Any CPU
		{DA867BCA-1BD6-4763-AC47-B483E142D537}.Release|Any CPU.Build.0 = Release|Any CPU
		{DA9BCB92-59F0-478B-9C59-0B45D0E2DB5D}.Debug|Any CPU.ActiveCfg = Debug|Any CPU
		{DA9BCB92-59F0-478B-9C59-0B45D0E2DB5D}.Debug|Any CPU.Build.0 = Debug|Any CPU
		{DA9BCB92-59F0-478B-9C59-0B45D0E2DB5D}.Release|Any CPU.ActiveCfg = Release|Any CPU
		{DA9BCB92-59F0-478B-9C59-0B45D0E2DB5D}.Release|Any CPU.Build.0 = Release|Any CPU
		{630FF65E-F140-42A6-A1CF-E30A83609C63}.Debug|Any CPU.ActiveCfg = Debug|Any CPU
		{630FF65E-F140-42A6-A1CF-E30A83609C63}.Debug|Any CPU.Build.0 = Debug|Any CPU
		{630FF65E-F140-42A6-A1CF-E30A83609C63}.Release|Any CPU.ActiveCfg = Release|Any CPU
		{630FF65E-F140-42A6-A1CF-E30A83609C63}.Release|Any CPU.Build.0 = Release|Any CPU
		{1517213F-4928-4852-8502-4AFE22901146}.Debug|Any CPU.ActiveCfg = Debug|Any CPU
		{1517213F-4928-4852-8502-4AFE22901146}.Debug|Any CPU.Build.0 = Debug|Any CPU
		{1517213F-4928-4852-8502-4AFE22901146}.Release|Any CPU.ActiveCfg = Release|Any CPU
		{1517213F-4928-4852-8502-4AFE22901146}.Release|Any CPU.Build.0 = Release|Any CPU
	EndGlobalSection
EndGlobal
